// !$*UTF8*$!
{
	archiveVersion = 1;
	classes = {
	};
	objectVersion = 77;
	objects = {

/* Begin PBXBuildFile section */
		4A3753432F74344B008F6AF6 /* PoolDashboardActionCoordinator.swift in Sources */ = {isa = PBXBuildFile; fileRef = 4A3753422F74344B008F6AF6 /* PoolDashboardActionCoordinator.swift */; };
		4A3753452F743C30008F6AF6 /* PoolDashboardViewState.swift in Sources */ = {isa = PBXBuildFile; fileRef = 4A3753442F743C30008F6AF6 /* PoolDashboardViewState.swift */; };
		4A3753472F744294008F6AF6 /* PoolDashboardFormState.swift in Sources */ = {isa = PBXBuildFile; fileRef = 4A3753462F744294008F6AF6 /* PoolDashboardFormState.swift */; };
		4A3753492F74433F008F6AF6 /* PoolDashboardAlertPresenter.swift in Sources */ = {isa = PBXBuildFile; fileRef = 4A3753482F74433F008F6AF6 /* PoolDashboardAlertPresenter.swift */; };
		4A5ECC8A2F74485000194C45 /* PoolDashboardBackupFlowCoordinator.swift in Sources */ = {isa = PBXBuildFile; fileRef = 4A5ECC892F74485000194C45 /* PoolDashboardBackupFlowCoordinator.swift */; };
		4A5ECC8E2F744A0500194C45 /* PoolDashboardUsageSyncFlowCoordinator.swift in Sources */ = {isa = PBXBuildFile; fileRef = 4A5ECC8D2F744A0500194C45 /* PoolDashboardUsageSyncFlowCoordinator.swift */; };
		4A5ECC902F744A0500194C45 /* PoolDashboardOAuthSignInFlowCoordinator.swift in Sources */ = {isa = PBXBuildFile; fileRef = 4A5ECC8F2F744A0500194C45 /* PoolDashboardOAuthSignInFlowCoordinator.swift */; };
		4A5ECC922F744B9000194C45 /* PoolDashboardLocalImportFlowCoordinator.swift in Sources */ = {isa = PBXBuildFile; fileRef = 4A5ECC912F744B9000194C45 /* PoolDashboardLocalImportFlowCoordinator.swift */; };
		4A5ECC942F744B9100194C45 /* PoolDashboardSwitchLaunchFlowCoordinator.swift in Sources */ = {isa = PBXBuildFile; fileRef = 4A5ECC932F744B9100194C45 /* PoolDashboardSwitchLaunchFlowCoordinator.swift */; };
		4A5ECC962F744C5C00194C45 /* PoolDashboardLocalAccountsFlowCoordinator.swift in Sources */ = {isa = PBXBuildFile; fileRef = 4A5ECC952F744C5C00194C45 /* PoolDashboardLocalAccountsFlowCoordinator.swift */; };
		4A5ECC982F744F5500194C45 /* PoolDashboardLifecycleFlowCoordinator.swift in Sources */ = {isa = PBXBuildFile; fileRef = 4A5ECC972F744F5500194C45 /* PoolDashboardLifecycleFlowCoordinator.swift */; };
		4A5ECC9A2F74B36A00194C45 /* PoolDashboardActionFlowCoordinator.swift in Sources */ = {isa = PBXBuildFile; fileRef = 4A5ECC992F74B36A00194C45 /* PoolDashboardActionFlowCoordinator.swift */; };
		4A5ECC9C2F74B55700194C45 /* PoolDashboardViewMutationCoordinator.swift in Sources */ = {isa = PBXBuildFile; fileRef = 4A5ECC9B2F74B55700194C45 /* PoolDashboardViewMutationCoordinator.swift */; };
		4A5ECC9E2F74B6C300194C45 /* PoolDashboardAsyncStateCoordinator.swift in Sources */ = {isa = PBXBuildFile; fileRef = 4A5ECC9D2F74B6C300194C45 /* PoolDashboardAsyncStateCoordinator.swift */; };
		4A5ECCA22F74BCFB00194C45 /* PoolDashboardAccountFormFlowCoordinator.swift in Sources */ = {isa = PBXBuildFile; fileRef = 4A5ECCA12F74BCFB00194C45 /* PoolDashboardAccountFormFlowCoordinator.swift */; };
		4A5ECCA42F74C4AA00194C45 /* PoolDashboardQuickActionsFlowCoordinator.swift in Sources */ = {isa = PBXBuildFile; fileRef = 4A5ECCA32F74C4AA00194C45 /* PoolDashboardQuickActionsFlowCoordinator.swift */; };
		4A6D1B842F7628D200C06009 /* PanelSectionHeaderView.swift in Sources */ = {isa = PBXBuildFile; fileRef = 4A6D1B832F7628D200C06009 /* PanelSectionHeaderView.swift */; };
		4A9D86682F768B3500157EC1 /* PanelCodeEditorView.swift in Sources */ = {isa = PBXBuildFile; fileRef = 4A9D86672F768B3500157EC1 /* PanelCodeEditorView.swift */; };
		4A9D866A2F768B4D00157EC1 /* PanelAdaptiveActionRowView.swift in Sources */ = {isa = PBXBuildFile; fileRef = 4A9D86692F768B4D00157EC1 /* PanelAdaptiveActionRowView.swift */; };
		4AB61E942F738FCF001AC4CB /* AccountPoolSnapshotCodec.swift in Sources */ = {isa = PBXBuildFile; fileRef = 4AB61E862F738FCF001AC4CB /* AccountPoolSnapshotCodec.swift */; };
		4AB61E952F738FCF001AC4CB /* AccountPoolStore.swift in Sources */ = {isa = PBXBuildFile; fileRef = 4AB61E872F738FCF001AC4CB /* AccountPoolStore.swift */; };
		4AB61E962F738FCF001AC4CB /* AccountTokenVault.swift in Sources */ = {isa = PBXBuildFile; fileRef = 4AB61E882F738FCF001AC4CB /* AccountTokenVault.swift */; };
		4AB61E972F738FCF001AC4CB /* AgentPool.swift in Sources */ = {isa = PBXBuildFile; fileRef = 4AB61E892F738FCF001AC4CB /* AgentPool.swift */; };
		4AB61E992F738FCF001AC4CB /* CodexAuthFileSwitcher.swift in Sources */ = {isa = PBXBuildFile; fileRef = 4AB61E8C2F738FCF001AC4CB /* CodexAuthFileSwitcher.swift */; };
		4AB61E9A2F738FCF001AC4CB /* CodexUsageSyncService.swift in Sources */ = {isa = PBXBuildFile; fileRef = 4AB61E8D2F738FCF001AC4CB /* CodexUsageSyncService.swift */; };
		4AB61E9B2F738FCF001AC4CB /* PoolDashboardView.swift in Sources */ = {isa = PBXBuildFile; fileRef = 4AB61E8E2F738FCF001AC4CB /* PoolDashboardView.swift */; };
		4AB61E9D2F738FCF001AC4CB /* LocalCodexAccountDiscovery.swift in Sources */ = {isa = PBXBuildFile; fileRef = 4AB61E902F738FCF001AC4CB /* LocalCodexAccountDiscovery.swift */; };
		4AB61E9E2F738FCF001AC4CB /* LocalOAuthImportViewModel.swift in Sources */ = {isa = PBXBuildFile; fileRef = 4AB61E912F738FCF001AC4CB /* LocalOAuthImportViewModel.swift */; };
		4AB61E9F2F738FCF001AC4CB /* OAuthSupport.swift in Sources */ = {isa = PBXBuildFile; fileRef = 4AB61E922F738FCF001AC4CB /* OAuthSupport.swift */; };
		4AB61EB12F739CED001AC4CB /* ContentView.swift in Sources */ = {isa = PBXBuildFile; fileRef = 4AB61EB02F739CED001AC4CB /* ContentView.swift */; };
		4AB61EB52F739DB7001AC4CB /* OAuthAccountUpsertResolver.swift in Sources */ = {isa = PBXBuildFile; fileRef = 4AB61EB42F739DB7001AC4CB /* OAuthAccountUpsertResolver.swift */; };
		4AB61EB82F739E92001AC4CB /* DashboardHeaderSectionView.swift in Sources */ = {isa = PBXBuildFile; fileRef = 4AB61EB72F739E92001AC4CB /* DashboardHeaderSectionView.swift */; };
		4AB61EBA2F739E92001AC4CB /* SyncToolbarView.swift in Sources */ = {isa = PBXBuildFile; fileRef = 4AB61EB92F739E92001AC4CB /* SyncToolbarView.swift */; };
		4AB61EBC2F739E92001AC4CB /* GlassPanel.swift in Sources */ = {isa = PBXBuildFile; fileRef = 4AB61EBB2F739E92001AC4CB /* GlassPanel.swift */; };
		4AB61EBE2F739F12001AC4CB /* PoolDashboardTheme.swift in Sources */ = {isa = PBXBuildFile; fileRef = 4AB61EBD2F739F12001AC4CB /* PoolDashboardTheme.swift */; };
		4AB61EC02F73A0BB001AC4CB /* DebugToolsPanelView.swift in Sources */ = {isa = PBXBuildFile; fileRef = 4AB61EBF2F73A0BB001AC4CB /* DebugToolsPanelView.swift */; };
		4AB61EC22F73A0BB001AC4CB /* BackupRestorePanelView.swift in Sources */ = {isa = PBXBuildFile; fileRef = 4AB61EC12F73A0BB001AC4CB /* BackupRestorePanelView.swift */; };
		4AB61ED72F73A98B001AC4CB /* PoolAccountUpsertCoordinator.swift in Sources */ = {isa = PBXBuildFile; fileRef = 4AB61ED62F73A98B001AC4CB /* PoolAccountUpsertCoordinator.swift */; };
		4AB61ED92F73E2DE001AC4CB /* CodexAuthSwitchService.swift in Sources */ = {isa = PBXBuildFile; fileRef = 4AB61ED82F73E2DE001AC4CB /* CodexAuthSwitchService.swift */; };
		4AB61EDB2F73E46A001AC4CB /* PoolDashboardAuthFlowCoordinator.swift in Sources */ = {isa = PBXBuildFile; fileRef = 4AB61EDA2F73E46A001AC4CB /* PoolDashboardAuthFlowCoordinator.swift */; };
		4AB61EDD2F73E598001AC4CB /* PoolDashboardDataFlowCoordinator.swift in Sources */ = {isa = PBXBuildFile; fileRef = 4AB61EDC2F73E598001AC4CB /* PoolDashboardDataFlowCoordinator.swift */; };
		4AB61EDF2F73E7CA001AC4CB /* CodexAuthFileAccessService.swift in Sources */ = {isa = PBXBuildFile; fileRef = 4AB61EDE2F73E7CA001AC4CB /* CodexAuthFileAccessService.swift */; };
		4AB61EE12F73E9FF001AC4CB /* AccountUsagePanelView.swift in Sources */ = {isa = PBXBuildFile; fileRef = 4AB61EE02F73E9FF001AC4CB /* AccountUsagePanelView.swift */; };
		4AB61EE32F73EAF7001AC4CB /* ActiveAccountPanelView.swift in Sources */ = {isa = PBXBuildFile; fileRef = 4AB61EE22F73EAF7001AC4CB /* ActiveAccountPanelView.swift */; };
		4AB61EE52F73EB04001AC4CB /* ActivityLogPanelView.swift in Sources */ = {isa = PBXBuildFile; fileRef = 4AB61EE42F73EB04001AC4CB /* ActivityLogPanelView.swift */; };
		4AB61EE72F73ECBA001AC4CB /* OAuthLoginPanelView.swift in Sources */ = {isa = PBXBuildFile; fileRef = 4AB61EE62F73ECBA001AC4CB /* OAuthLoginPanelView.swift */; };
		4AB61EE92F73ECCC001AC4CB /* LocalOAuthAccountsPanelView.swift in Sources */ = {isa = PBXBuildFile; fileRef = 4AB61EE82F73ECCC001AC4CB /* LocalOAuthAccountsPanelView.swift */; };
		4AB61EEB2F73ED9E001AC4CB /* StrategySettingsPanelView.swift in Sources */ = {isa = PBXBuildFile; fileRef = 4AB61EEA2F73ED9E001AC4CB /* StrategySettingsPanelView.swift */; };
		4AB61EED2F73ED9E001AC4CB /* OverallUsagePanelView.swift in Sources */ = {isa = PBXBuildFile; fileRef = 4AB61EEC2F73ED9E001AC4CB /* OverallUsagePanelView.swift */; };
		4AB61EEF2F73EE17001AC4CB /* PoolAccountUsagePresenter.swift in Sources */ = {isa = PBXBuildFile; fileRef = 4AB61EEE2F73EE17001AC4CB /* PoolAccountUsagePresenter.swift */; };
		4AB61EF32F73F0C8001AC4CB /* PoolDashboardSwitchLaunchCoordinator.swift in Sources */ = {isa = PBXBuildFile; fileRef = 4AB61EF22F73F0C8001AC4CB /* PoolDashboardSwitchLaunchCoordinator.swift */; };
		4AB61EF52F73F160001AC4CB /* CodexAuthFilePanelService.swift in Sources */ = {isa = PBXBuildFile; fileRef = 4AB61EF42F73F160001AC4CB /* CodexAuthFilePanelService.swift */; };
		4AB61EF72F73F51E001AC4CB /* PoolDashboardLocalAccountsCoordinator.swift in Sources */ = {isa = PBXBuildFile; fileRef = 4AB61EF62F73F51E001AC4CB /* PoolDashboardLocalAccountsCoordinator.swift */; };
		4AB61EF92F73F624001AC4CB /* PoolDashboardLocalImportCoordinator.swift in Sources */ = {isa = PBXBuildFile; fileRef = 4AB61EF82F73F624001AC4CB /* PoolDashboardLocalImportCoordinator.swift */; };
		4AB61EFB2F73F7C8001AC4CB /* PoolDashboardAccountBindingAdapter.swift in Sources */ = {isa = PBXBuildFile; fileRef = 4AB61EFA2F73F7C8001AC4CB /* PoolDashboardAccountBindingAdapter.swift */; };
		4AB61EFD2F73F852001AC4CB /* PoolDashboardStrategyBindingAdapter.swift in Sources */ = {isa = PBXBuildFile; fileRef = 4AB61EFC2F73F852001AC4CB /* PoolDashboardStrategyBindingAdapter.swift */; };
		4AB61EFF2F73F920001AC4CB /* PoolDashboardRuntimeCoordinator.swift in Sources */ = {isa = PBXBuildFile; fileRef = 4AB61EFE2F73F920001AC4CB /* PoolDashboardRuntimeCoordinator.swift */; };
		4AB61F012F73FB2D001AC4CB /* PoolDashboardBackupCoordinator.swift in Sources */ = {isa = PBXBuildFile; fileRef = 4AB61F002F73FB2D001AC4CB /* PoolDashboardBackupCoordinator.swift */; };
		4AB61F132F73FE99001AC4CB /* PoolDashboardLifecycleCoordinator.swift in Sources */ = {isa = PBXBuildFile; fileRef = 4AB61F122F73FE99001AC4CB /* PoolDashboardLifecycleCoordinator.swift */; };
		4AB61F152F741395001AC4CB /* PoolDashboardMutationCoordinator.swift in Sources */ = {isa = PBXBuildFile; fileRef = 4AB61F142F741395001AC4CB /* PoolDashboardMutationCoordinator.swift */; };
/* End PBXBuildFile section */

/* Begin PBXContainerItemProxy section */
		4AFBA5922F72203C008D97C1 /* PBXContainerItemProxy */ = {
			isa = PBXContainerItemProxy;
			containerPortal = 4AFBA57A2F72203A008D97C1 /* Project object */;
			proxyType = 1;
			remoteGlobalIDString = 4AFBA5812F72203A008D97C1;
			remoteInfo = CodexPoolManager;
		};
		4AFBA59C2F72203C008D97C1 /* PBXContainerItemProxy */ = {
			isa = PBXContainerItemProxy;
			containerPortal = 4AFBA57A2F72203A008D97C1 /* Project object */;
			proxyType = 1;
			remoteGlobalIDString = 4AFBA5812F72203A008D97C1;
			remoteInfo = CodexPoolManager;
		};
/* End PBXContainerItemProxy section */

/* Begin PBXFileReference section */
		4A3753422F74344B008F6AF6 /* PoolDashboardActionCoordinator.swift */ = {isa = PBXFileReference; lastKnownFileType = sourcecode.swift; path = PoolDashboardActionCoordinator.swift; sourceTree = "<group>"; };
		4A3753442F743C30008F6AF6 /* PoolDashboardViewState.swift */ = {isa = PBXFileReference; lastKnownFileType = sourcecode.swift; path = PoolDashboardViewState.swift; sourceTree = "<group>"; };
		4A3753462F744294008F6AF6 /* PoolDashboardFormState.swift */ = {isa = PBXFileReference; lastKnownFileType = sourcecode.swift; path = PoolDashboardFormState.swift; sourceTree = "<group>"; };
		4A3753482F74433F008F6AF6 /* PoolDashboardAlertPresenter.swift */ = {isa = PBXFileReference; lastKnownFileType = sourcecode.swift; path = PoolDashboardAlertPresenter.swift; sourceTree = "<group>"; };
		4A5ECC892F74485000194C45 /* PoolDashboardBackupFlowCoordinator.swift */ = {isa = PBXFileReference; lastKnownFileType = sourcecode.swift; path = PoolDashboardBackupFlowCoordinator.swift; sourceTree = "<group>"; };
		4A5ECC8D2F744A0500194C45 /* PoolDashboardUsageSyncFlowCoordinator.swift */ = {isa = PBXFileReference; lastKnownFileType = sourcecode.swift; path = PoolDashboardUsageSyncFlowCoordinator.swift; sourceTree = "<group>"; };
		4A5ECC8F2F744A0500194C45 /* PoolDashboardOAuthSignInFlowCoordinator.swift */ = {isa = PBXFileReference; lastKnownFileType = sourcecode.swift; path = PoolDashboardOAuthSignInFlowCoordinator.swift; sourceTree = "<group>"; };
		4A5ECC912F744B9000194C45 /* PoolDashboardLocalImportFlowCoordinator.swift */ = {isa = PBXFileReference; lastKnownFileType = sourcecode.swift; path = PoolDashboardLocalImportFlowCoordinator.swift; sourceTree = "<group>"; };
		4A5ECC932F744B9100194C45 /* PoolDashboardSwitchLaunchFlowCoordinator.swift */ = {isa = PBXFileReference; lastKnownFileType = sourcecode.swift; path = PoolDashboardSwitchLaunchFlowCoordinator.swift; sourceTree = "<group>"; };
		4A5ECC952F744C5C00194C45 /* PoolDashboardLocalAccountsFlowCoordinator.swift */ = {isa = PBXFileReference; lastKnownFileType = sourcecode.swift; path = PoolDashboardLocalAccountsFlowCoordinator.swift; sourceTree = "<group>"; };
		4A5ECC972F744F5500194C45 /* PoolDashboardLifecycleFlowCoordinator.swift */ = {isa = PBXFileReference; lastKnownFileType = sourcecode.swift; path = PoolDashboardLifecycleFlowCoordinator.swift; sourceTree = "<group>"; };
		4A5ECC992F74B36A00194C45 /* PoolDashboardActionFlowCoordinator.swift */ = {isa = PBXFileReference; lastKnownFileType = sourcecode.swift; path = PoolDashboardActionFlowCoordinator.swift; sourceTree = "<group>"; };
		4A5ECC9B2F74B55700194C45 /* PoolDashboardViewMutationCoordinator.swift */ = {isa = PBXFileReference; lastKnownFileType = sourcecode.swift; path = PoolDashboardViewMutationCoordinator.swift; sourceTree = "<group>"; };
		4A5ECC9D2F74B6C300194C45 /* PoolDashboardAsyncStateCoordinator.swift */ = {isa = PBXFileReference; lastKnownFileType = sourcecode.swift; path = PoolDashboardAsyncStateCoordinator.swift; sourceTree = "<group>"; };
		4A5ECCA12F74BCFB00194C45 /* PoolDashboardAccountFormFlowCoordinator.swift */ = {isa = PBXFileReference; lastKnownFileType = sourcecode.swift; path = PoolDashboardAccountFormFlowCoordinator.swift; sourceTree = "<group>"; };
		4A5ECCA32F74C4AA00194C45 /* PoolDashboardQuickActionsFlowCoordinator.swift */ = {isa = PBXFileReference; lastKnownFileType = sourcecode.swift; path = PoolDashboardQuickActionsFlowCoordinator.swift; sourceTree = "<group>"; };
		4A6D1B832F7628D200C06009 /* PanelSectionHeaderView.swift */ = {isa = PBXFileReference; lastKnownFileType = sourcecode.swift; path = PanelSectionHeaderView.swift; sourceTree = "<group>"; };
		4A9D86672F768B3500157EC1 /* PanelCodeEditorView.swift */ = {isa = PBXFileReference; lastKnownFileType = sourcecode.swift; path = PanelCodeEditorView.swift; sourceTree = "<group>"; };
		4A9D86692F768B4D00157EC1 /* PanelAdaptiveActionRowView.swift */ = {isa = PBXFileReference; lastKnownFileType = sourcecode.swift; path = PanelAdaptiveActionRowView.swift; sourceTree = "<group>"; };
		4AB61E862F738FCF001AC4CB /* AccountPoolSnapshotCodec.swift */ = {isa = PBXFileReference; lastKnownFileType = sourcecode.swift; path = AccountPoolSnapshotCodec.swift; sourceTree = "<group>"; };
		4AB61E872F738FCF001AC4CB /* AccountPoolStore.swift */ = {isa = PBXFileReference; lastKnownFileType = sourcecode.swift; path = AccountPoolStore.swift; sourceTree = "<group>"; };
		4AB61E882F738FCF001AC4CB /* AccountTokenVault.swift */ = {isa = PBXFileReference; lastKnownFileType = sourcecode.swift; path = AccountTokenVault.swift; sourceTree = "<group>"; };
		4AB61E892F738FCF001AC4CB /* AgentPool.swift */ = {isa = PBXFileReference; lastKnownFileType = sourcecode.swift; path = AgentPool.swift; sourceTree = "<group>"; };
		4AB61E8C2F738FCF001AC4CB /* CodexAuthFileSwitcher.swift */ = {isa = PBXFileReference; lastKnownFileType = sourcecode.swift; path = CodexAuthFileSwitcher.swift; sourceTree = "<group>"; };
		4AB61E8D2F738FCF001AC4CB /* CodexUsageSyncService.swift */ = {isa = PBXFileReference; lastKnownFileType = sourcecode.swift; path = CodexUsageSyncService.swift; sourceTree = "<group>"; };
		4AB61E8E2F738FCF001AC4CB /* PoolDashboardView.swift */ = {isa = PBXFileReference; lastKnownFileType = sourcecode.swift; path = PoolDashboardView.swift; sourceTree = "<group>"; };
		4AB61E902F738FCF001AC4CB /* LocalCodexAccountDiscovery.swift */ = {isa = PBXFileReference; lastKnownFileType = sourcecode.swift; path = LocalCodexAccountDiscovery.swift; sourceTree = "<group>"; };
		4AB61E912F738FCF001AC4CB /* LocalOAuthImportViewModel.swift */ = {isa = PBXFileReference; lastKnownFileType = sourcecode.swift; path = LocalOAuthImportViewModel.swift; sourceTree = "<group>"; };
		4AB61E922F738FCF001AC4CB /* OAuthSupport.swift */ = {isa = PBXFileReference; lastKnownFileType = sourcecode.swift; path = OAuthSupport.swift; sourceTree = "<group>"; };
		4AB61EB02F739CED001AC4CB /* ContentView.swift */ = {isa = PBXFileReference; lastKnownFileType = sourcecode.swift; path = ContentView.swift; sourceTree = "<group>"; };
		4AB61EB42F739DB7001AC4CB /* OAuthAccountUpsertResolver.swift */ = {isa = PBXFileReference; lastKnownFileType = sourcecode.swift; path = OAuthAccountUpsertResolver.swift; sourceTree = "<group>"; };
		4AB61EB72F739E92001AC4CB /* DashboardHeaderSectionView.swift */ = {isa = PBXFileReference; lastKnownFileType = sourcecode.swift; path = DashboardHeaderSectionView.swift; sourceTree = "<group>"; };
		4AB61EB92F739E92001AC4CB /* SyncToolbarView.swift */ = {isa = PBXFileReference; lastKnownFileType = sourcecode.swift; path = SyncToolbarView.swift; sourceTree = "<group>"; };
		4AB61EBB2F739E92001AC4CB /* GlassPanel.swift */ = {isa = PBXFileReference; lastKnownFileType = sourcecode.swift; path = GlassPanel.swift; sourceTree = "<group>"; };
		4AB61EBD2F739F12001AC4CB /* PoolDashboardTheme.swift */ = {isa = PBXFileReference; lastKnownFileType = sourcecode.swift; path = PoolDashboardTheme.swift; sourceTree = "<group>"; };
		4AB61EBF2F73A0BB001AC4CB /* DebugToolsPanelView.swift */ = {isa = PBXFileReference; lastKnownFileType = sourcecode.swift; path = DebugToolsPanelView.swift; sourceTree = "<group>"; };
		4AB61EC12F73A0BB001AC4CB /* BackupRestorePanelView.swift */ = {isa = PBXFileReference; lastKnownFileType = sourcecode.swift; path = BackupRestorePanelView.swift; sourceTree = "<group>"; };
		4AB61ED62F73A98B001AC4CB /* PoolAccountUpsertCoordinator.swift */ = {isa = PBXFileReference; lastKnownFileType = sourcecode.swift; path = PoolAccountUpsertCoordinator.swift; sourceTree = "<group>"; };
		4AB61ED82F73E2DE001AC4CB /* CodexAuthSwitchService.swift */ = {isa = PBXFileReference; lastKnownFileType = sourcecode.swift; path = CodexAuthSwitchService.swift; sourceTree = "<group>"; };
		4AB61EDA2F73E46A001AC4CB /* PoolDashboardAuthFlowCoordinator.swift */ = {isa = PBXFileReference; lastKnownFileType = sourcecode.swift; path = PoolDashboardAuthFlowCoordinator.swift; sourceTree = "<group>"; };
		4AB61EDC2F73E598001AC4CB /* PoolDashboardDataFlowCoordinator.swift */ = {isa = PBXFileReference; lastKnownFileType = sourcecode.swift; path = PoolDashboardDataFlowCoordinator.swift; sourceTree = "<group>"; };
		4AB61EDE2F73E7CA001AC4CB /* CodexAuthFileAccessService.swift */ = {isa = PBXFileReference; lastKnownFileType = sourcecode.swift; path = CodexAuthFileAccessService.swift; sourceTree = "<group>"; };
		4AB61EE02F73E9FF001AC4CB /* AccountUsagePanelView.swift */ = {isa = PBXFileReference; lastKnownFileType = sourcecode.swift; path = AccountUsagePanelView.swift; sourceTree = "<group>"; };
		4AB61EE22F73EAF7001AC4CB /* ActiveAccountPanelView.swift */ = {isa = PBXFileReference; lastKnownFileType = sourcecode.swift; path = ActiveAccountPanelView.swift; sourceTree = "<group>"; };
		4AB61EE42F73EB04001AC4CB /* ActivityLogPanelView.swift */ = {isa = PBXFileReference; lastKnownFileType = sourcecode.swift; path = ActivityLogPanelView.swift; sourceTree = "<group>"; };
		4AB61EE62F73ECBA001AC4CB /* OAuthLoginPanelView.swift */ = {isa = PBXFileReference; lastKnownFileType = sourcecode.swift; path = OAuthLoginPanelView.swift; sourceTree = "<group>"; };
		4AB61EE82F73ECCC001AC4CB /* LocalOAuthAccountsPanelView.swift */ = {isa = PBXFileReference; lastKnownFileType = sourcecode.swift; path = LocalOAuthAccountsPanelView.swift; sourceTree = "<group>"; };
		4AB61EEA2F73ED9E001AC4CB /* StrategySettingsPanelView.swift */ = {isa = PBXFileReference; lastKnownFileType = sourcecode.swift; path = StrategySettingsPanelView.swift; sourceTree = "<group>"; };
		4AB61EEC2F73ED9E001AC4CB /* OverallUsagePanelView.swift */ = {isa = PBXFileReference; lastKnownFileType = sourcecode.swift; path = OverallUsagePanelView.swift; sourceTree = "<group>"; };
		4AB61EEE2F73EE17001AC4CB /* PoolAccountUsagePresenter.swift */ = {isa = PBXFileReference; lastKnownFileType = sourcecode.swift; path = PoolAccountUsagePresenter.swift; sourceTree = "<group>"; };
		4AB61EF22F73F0C8001AC4CB /* PoolDashboardSwitchLaunchCoordinator.swift */ = {isa = PBXFileReference; lastKnownFileType = sourcecode.swift; path = PoolDashboardSwitchLaunchCoordinator.swift; sourceTree = "<group>"; };
		4AB61EF42F73F160001AC4CB /* CodexAuthFilePanelService.swift */ = {isa = PBXFileReference; lastKnownFileType = sourcecode.swift; path = CodexAuthFilePanelService.swift; sourceTree = "<group>"; };
		4AB61EF62F73F51E001AC4CB /* PoolDashboardLocalAccountsCoordinator.swift */ = {isa = PBXFileReference; lastKnownFileType = sourcecode.swift; path = PoolDashboardLocalAccountsCoordinator.swift; sourceTree = "<group>"; };
		4AB61EF82F73F624001AC4CB /* PoolDashboardLocalImportCoordinator.swift */ = {isa = PBXFileReference; lastKnownFileType = sourcecode.swift; path = PoolDashboardLocalImportCoordinator.swift; sourceTree = "<group>"; };
		4AB61EFA2F73F7C8001AC4CB /* PoolDashboardAccountBindingAdapter.swift */ = {isa = PBXFileReference; lastKnownFileType = sourcecode.swift; path = PoolDashboardAccountBindingAdapter.swift; sourceTree = "<group>"; };
		4AB61EFC2F73F852001AC4CB /* PoolDashboardStrategyBindingAdapter.swift */ = {isa = PBXFileReference; lastKnownFileType = sourcecode.swift; path = PoolDashboardStrategyBindingAdapter.swift; sourceTree = "<group>"; };
		4AB61EFE2F73F920001AC4CB /* PoolDashboardRuntimeCoordinator.swift */ = {isa = PBXFileReference; lastKnownFileType = sourcecode.swift; path = PoolDashboardRuntimeCoordinator.swift; sourceTree = "<group>"; };
		4AB61F002F73FB2D001AC4CB /* PoolDashboardBackupCoordinator.swift */ = {isa = PBXFileReference; lastKnownFileType = sourcecode.swift; path = PoolDashboardBackupCoordinator.swift; sourceTree = "<group>"; };
		4AB61F122F73FE99001AC4CB /* PoolDashboardLifecycleCoordinator.swift */ = {isa = PBXFileReference; lastKnownFileType = sourcecode.swift; path = PoolDashboardLifecycleCoordinator.swift; sourceTree = "<group>"; };
		4AB61F142F741395001AC4CB /* PoolDashboardMutationCoordinator.swift */ = {isa = PBXFileReference; lastKnownFileType = sourcecode.swift; path = PoolDashboardMutationCoordinator.swift; sourceTree = "<group>"; };
		4AFBA5822F72203A008D97C1 /* CodexPoolManager.app */ = {isa = PBXFileReference; explicitFileType = wrapper.application; includeInIndex = 0; path = CodexPoolManager.app; sourceTree = BUILT_PRODUCTS_DIR; };
		4AFBA5912F72203C008D97C1 /* CodexPoolManagerTests.xctest */ = {isa = PBXFileReference; explicitFileType = wrapper.cfbundle; includeInIndex = 0; path = CodexPoolManagerTests.xctest; sourceTree = BUILT_PRODUCTS_DIR; };
		4AFBA59B2F72203C008D97C1 /* CodexPoolManagerUITests.xctest */ = {isa = PBXFileReference; explicitFileType = wrapper.cfbundle; includeInIndex = 0; path = CodexPoolManagerUITests.xctest; sourceTree = BUILT_PRODUCTS_DIR; };
/* End PBXFileReference section */

/* Begin PBXFileSystemSynchronizedRootGroup section */
		4AFBA5842F72203A008D97C1 /* CodexPoolManager */ = {
			isa = PBXFileSystemSynchronizedRootGroup;
			path = CodexPoolManager;
			sourceTree = "<group>";
		};
		4AFBA5942F72203C008D97C1 /* CodexPoolManagerTests */ = {
			isa = PBXFileSystemSynchronizedRootGroup;
			path = CodexPoolManagerTests;
			sourceTree = "<group>";
		};
		4AFBA59E2F72203C008D97C1 /* CodexPoolManagerUITests */ = {
			isa = PBXFileSystemSynchronizedRootGroup;
			path = CodexPoolManagerUITests;
			sourceTree = "<group>";
		};
/* End PBXFileSystemSynchronizedRootGroup section */

/* Begin PBXFrameworksBuildPhase section */
		4AFBA57F2F72203A008D97C1 /* Frameworks */ = {
			isa = PBXFrameworksBuildPhase;
			buildActionMask = 2147483647;
			files = (
			);
			runOnlyForDeploymentPostprocessing = 0;
		};
		4AFBA58E2F72203C008D97C1 /* Frameworks */ = {
			isa = PBXFrameworksBuildPhase;
			buildActionMask = 2147483647;
			files = (
			);
			runOnlyForDeploymentPostprocessing = 0;
		};
		4AFBA5982F72203C008D97C1 /* Frameworks */ = {
			isa = PBXFrameworksBuildPhase;
			buildActionMask = 2147483647;
			files = (
			);
			runOnlyForDeploymentPostprocessing = 0;
		};
/* End PBXFrameworksBuildPhase section */

/* Begin PBXGroup section */
		4AB61EA82F739CB1001AC4CB /* Domain */ = {
			isa = PBXGroup;
			children = (
				4AB61EA92F739CB1001AC4CB /* Pool */,
			);
			path = Domain;
			sourceTree = "<group>";
		};
		4AB61EA92F739CB1001AC4CB /* Pool */ = {
			isa = PBXGroup;
			children = (
				4AB61E892F738FCF001AC4CB /* AgentPool.swift */,
				4AB61E862F738FCF001AC4CB /* AccountPoolSnapshotCodec.swift */,
				4AB61E872F738FCF001AC4CB /* AccountPoolStore.swift */,
				4AB61EB42F739DB7001AC4CB /* OAuthAccountUpsertResolver.swift */,
			);
			path = Pool;
			sourceTree = "<group>";
		};
		4AB61EAA2F739CB1001AC4CB /* Infrastructure */ = {
			isa = PBXGroup;
			children = (
				4AB61EAB2F739CB1001AC4CB /* Auth */,
				4AB61EAC2F739CB1001AC4CB /* Usage */,
			);
			path = Infrastructure;
			sourceTree = "<group>";
		};
		4AB61EAB2F739CB1001AC4CB /* Auth */ = {
			isa = PBXGroup;
			children = (
				4AB61E882F738FCF001AC4CB /* AccountTokenVault.swift */,
				4AB61E922F738FCF001AC4CB /* OAuthSupport.swift */,
				4AB61E902F738FCF001AC4CB /* LocalCodexAccountDiscovery.swift */,
				4AB61E8C2F738FCF001AC4CB /* CodexAuthFileSwitcher.swift */,
				4AB61ED82F73E2DE001AC4CB /* CodexAuthSwitchService.swift */,
				4AB61EDE2F73E7CA001AC4CB /* CodexAuthFileAccessService.swift */,
				4AB61EF42F73F160001AC4CB /* CodexAuthFilePanelService.swift */,
			);
			path = Auth;
			sourceTree = "<group>";
		};
		4AB61EAC2F739CB1001AC4CB /* Usage */ = {
			isa = PBXGroup;
			children = (
				4AB61E8D2F738FCF001AC4CB /* CodexUsageSyncService.swift */,
			);
			path = Usage;
			sourceTree = "<group>";
		};
		4AB61EAD2F739CB1001AC4CB /* Features */ = {
			isa = PBXGroup;
			children = (
				4AB61EAE2F739CB1001AC4CB /* PoolDashboard */,
			);
			path = Features;
			sourceTree = "<group>";
		};
		4AB61EAE2F739CB1001AC4CB /* PoolDashboard */ = {
			isa = PBXGroup;
			children = (
				4AB61E912F738FCF001AC4CB /* LocalOAuthImportViewModel.swift */,
				4AB61E8E2F738FCF001AC4CB /* PoolDashboardView.swift */,
				4AB61EB62F739E92001AC4CB /* Components */,
				4AB61EBD2F739F12001AC4CB /* PoolDashboardTheme.swift */,
				4AB61ED62F73A98B001AC4CB /* PoolAccountUpsertCoordinator.swift */,
				4AB61EDA2F73E46A001AC4CB /* PoolDashboardAuthFlowCoordinator.swift */,
				4AB61EDC2F73E598001AC4CB /* PoolDashboardDataFlowCoordinator.swift */,
				4AB61EEE2F73EE17001AC4CB /* PoolAccountUsagePresenter.swift */,
				4AB61EF22F73F0C8001AC4CB /* PoolDashboardSwitchLaunchCoordinator.swift */,
				4AB61EF62F73F51E001AC4CB /* PoolDashboardLocalAccountsCoordinator.swift */,
				4AB61EF82F73F624001AC4CB /* PoolDashboardLocalImportCoordinator.swift */,
				4AB61EFA2F73F7C8001AC4CB /* PoolDashboardAccountBindingAdapter.swift */,
				4AB61EFC2F73F852001AC4CB /* PoolDashboardStrategyBindingAdapter.swift */,
				4AB61EFE2F73F920001AC4CB /* PoolDashboardRuntimeCoordinator.swift */,
				4AB61F002F73FB2D001AC4CB /* PoolDashboardBackupCoordinator.swift */,
				4AB61F122F73FE99001AC4CB /* PoolDashboardLifecycleCoordinator.swift */,
				4AB61F142F741395001AC4CB /* PoolDashboardMutationCoordinator.swift */,
				4A3753422F74344B008F6AF6 /* PoolDashboardActionCoordinator.swift */,
				4A3753442F743C30008F6AF6 /* PoolDashboardViewState.swift */,
				4A3753462F744294008F6AF6 /* PoolDashboardFormState.swift */,
				4A3753482F74433F008F6AF6 /* PoolDashboardAlertPresenter.swift */,
				4A5ECC892F74485000194C45 /* PoolDashboardBackupFlowCoordinator.swift */,
				4A5ECC8D2F744A0500194C45 /* PoolDashboardUsageSyncFlowCoordinator.swift */,
				4A5ECC8F2F744A0500194C45 /* PoolDashboardOAuthSignInFlowCoordinator.swift */,
				4A5ECC912F744B9000194C45 /* PoolDashboardLocalImportFlowCoordinator.swift */,
				4A5ECC932F744B9100194C45 /* PoolDashboardSwitchLaunchFlowCoordinator.swift */,
				4A5ECC952F744C5C00194C45 /* PoolDashboardLocalAccountsFlowCoordinator.swift */,
				4A5ECC972F744F5500194C45 /* PoolDashboardLifecycleFlowCoordinator.swift */,
				4A5ECC992F74B36A00194C45 /* PoolDashboardActionFlowCoordinator.swift */,
				4A5ECC9B2F74B55700194C45 /* PoolDashboardViewMutationCoordinator.swift */,
				4A5ECC9D2F74B6C300194C45 /* PoolDashboardAsyncStateCoordinator.swift */,
				4A5ECCA12F74BCFB00194C45 /* PoolDashboardAccountFormFlowCoordinator.swift */,
				4A5ECCA32F74C4AA00194C45 /* PoolDashboardQuickActionsFlowCoordinator.swift */,
			);
			path = PoolDashboard;
			sourceTree = "<group>";
		};
		4AB61EB62F739E92001AC4CB /* Components */ = {
			isa = PBXGroup;
			children = (
				4AB61EB72F739E92001AC4CB /* DashboardHeaderSectionView.swift */,
				4AB61EB92F739E92001AC4CB /* SyncToolbarView.swift */,
				4AB61EBB2F739E92001AC4CB /* GlassPanel.swift */,
				4AB61EBF2F73A0BB001AC4CB /* DebugToolsPanelView.swift */,
				4AB61EC12F73A0BB001AC4CB /* BackupRestorePanelView.swift */,
				4AB61EE02F73E9FF001AC4CB /* AccountUsagePanelView.swift */,
				4AB61EE22F73EAF7001AC4CB /* ActiveAccountPanelView.swift */,
				4AB61EE42F73EB04001AC4CB /* ActivityLogPanelView.swift */,
				4AB61EE62F73ECBA001AC4CB /* OAuthLoginPanelView.swift */,
				4AB61EE82F73ECCC001AC4CB /* LocalOAuthAccountsPanelView.swift */,
				4AB61EEA2F73ED9E001AC4CB /* StrategySettingsPanelView.swift */,
				4AB61EEC2F73ED9E001AC4CB /* OverallUsagePanelView.swift */,
				4A6D1B832F7628D200C06009 /* PanelSectionHeaderView.swift */,
				4A9D86672F768B3500157EC1 /* PanelCodeEditorView.swift */,
				4A9D86692F768B4D00157EC1 /* PanelAdaptiveActionRowView.swift */,
			);
			path = Components;
			sourceTree = "<group>";
		};
		4AFBA5792F72203A008D97C1 = {
			isa = PBXGroup;
			children = (
				4AFBA5842F72203A008D97C1 /* CodexPoolManager */,
				4AFBA5942F72203C008D97C1 /* CodexPoolManagerTests */,
				4AFBA59E2F72203C008D97C1 /* CodexPoolManagerUITests */,
				4AFBA5832F72203A008D97C1 /* Products */,
				4AB61EA82F739CB1001AC4CB /* Domain */,
				4AB61EAA2F739CB1001AC4CB /* Infrastructure */,
				4AB61EAD2F739CB1001AC4CB /* Features */,
				4AB61EB02F739CED001AC4CB /* ContentView.swift */,
			);
			sourceTree = "<group>";
		};
		4AFBA5832F72203A008D97C1 /* Products */ = {
			isa = PBXGroup;
			children = (
				4AFBA5822F72203A008D97C1 /* CodexPoolManager.app */,
				4AFBA5912F72203C008D97C1 /* CodexPoolManagerTests.xctest */,
				4AFBA59B2F72203C008D97C1 /* CodexPoolManagerUITests.xctest */,
			);
			name = Products;
			sourceTree = "<group>";
		};
/* End PBXGroup section */

/* Begin PBXNativeTarget section */
		4AFBA5812F72203A008D97C1 /* CodexPoolManager */ = {
			isa = PBXNativeTarget;
			buildConfigurationList = 4AFBA5A52F72203C008D97C1 /* Build configuration list for PBXNativeTarget "CodexPoolManager" */;
			buildPhases = (
				4AFBA57E2F72203A008D97C1 /* Sources */,
				4AFBA57F2F72203A008D97C1 /* Frameworks */,
				4AFBA5802F72203A008D97C1 /* Resources */,
			);
			buildRules = (
			);
			dependencies = (
			);
			fileSystemSynchronizedGroups = (
				4AFBA5842F72203A008D97C1 /* CodexPoolManager */,
			);
			name = CodexPoolManager;
			packageProductDependencies = (
			);
			productName = CodexPoolManager;
			productReference = 4AFBA5822F72203A008D97C1 /* CodexPoolManager.app */;
			productType = "com.apple.product-type.application";
		};
		4AFBA5902F72203C008D97C1 /* CodexPoolManagerTests */ = {
			isa = PBXNativeTarget;
			buildConfigurationList = 4AFBA5A82F72203C008D97C1 /* Build configuration list for PBXNativeTarget "CodexPoolManagerTests" */;
			buildPhases = (
				4AFBA58D2F72203C008D97C1 /* Sources */,
				4AFBA58E2F72203C008D97C1 /* Frameworks */,
				4AFBA58F2F72203C008D97C1 /* Resources */,
			);
			buildRules = (
			);
			dependencies = (
				4AFBA5932F72203C008D97C1 /* PBXTargetDependency */,
			);
			fileSystemSynchronizedGroups = (
				4AFBA5942F72203C008D97C1 /* CodexPoolManagerTests */,
			);
			name = CodexPoolManagerTests;
			packageProductDependencies = (
			);
			productName = CodexPoolManagerTests;
			productReference = 4AFBA5912F72203C008D97C1 /* CodexPoolManagerTests.xctest */;
			productType = "com.apple.product-type.bundle.unit-test";
		};
		4AFBA59A2F72203C008D97C1 /* CodexPoolManagerUITests */ = {
			isa = PBXNativeTarget;
			buildConfigurationList = 4AFBA5AB2F72203C008D97C1 /* Build configuration list for PBXNativeTarget "CodexPoolManagerUITests" */;
			buildPhases = (
				4AFBA5972F72203C008D97C1 /* Sources */,
				4AFBA5982F72203C008D97C1 /* Frameworks */,
				4AFBA5992F72203C008D97C1 /* Resources */,
			);
			buildRules = (
			);
			dependencies = (
				4AFBA59D2F72203C008D97C1 /* PBXTargetDependency */,
			);
			fileSystemSynchronizedGroups = (
				4AFBA59E2F72203C008D97C1 /* CodexPoolManagerUITests */,
			);
			name = CodexPoolManagerUITests;
			packageProductDependencies = (
			);
			productName = CodexPoolManagerUITests;
			productReference = 4AFBA59B2F72203C008D97C1 /* CodexPoolManagerUITests.xctest */;
			productType = "com.apple.product-type.bundle.ui-testing";
		};
/* End PBXNativeTarget section */

/* Begin PBXProject section */
		4AFBA57A2F72203A008D97C1 /* Project object */ = {
			isa = PBXProject;
			attributes = {
				BuildIndependentTargetsInParallel = 1;
				LastSwiftUpdateCheck = 2630;
				LastUpgradeCheck = 2630;
				TargetAttributes = {
					4AFBA5812F72203A008D97C1 = {
						CreatedOnToolsVersion = 26.3;
					};
					4AFBA5902F72203C008D97C1 = {
						CreatedOnToolsVersion = 26.3;
						TestTargetID = 4AFBA5812F72203A008D97C1;
					};
					4AFBA59A2F72203C008D97C1 = {
						CreatedOnToolsVersion = 26.3;
						TestTargetID = 4AFBA5812F72203A008D97C1;
					};
				};
			};
			buildConfigurationList = 4AFBA57D2F72203A008D97C1 /* Build configuration list for PBXProject "CodexPoolManager" */;
			developmentRegion = en;
			hasScannedForEncodings = 0;
			knownRegions = (
				en,
				Base,
				"zh-Hant",
				"zh-Hans",
				fr,
				es,
				ja,
				ko,
			);
			mainGroup = 4AFBA5792F72203A008D97C1;
			minimizedProjectReferenceProxies = 1;
			preferredProjectObjectVersion = 77;
			productRefGroup = 4AFBA5832F72203A008D97C1 /* Products */;
			projectDirPath = "";
			projectRoot = "";
			targets = (
				4AFBA5812F72203A008D97C1 /* CodexPoolManager */,
				4AFBA5902F72203C008D97C1 /* CodexPoolManagerTests */,
				4AFBA59A2F72203C008D97C1 /* CodexPoolManagerUITests */,
			);
		};
/* End PBXProject section */

/* Begin PBXResourcesBuildPhase section */
		4AFBA5802F72203A008D97C1 /* Resources */ = {
			isa = PBXResourcesBuildPhase;
			buildActionMask = 2147483647;
			files = (
			);
			runOnlyForDeploymentPostprocessing = 0;
		};
		4AFBA58F2F72203C008D97C1 /* Resources */ = {
			isa = PBXResourcesBuildPhase;
			buildActionMask = 2147483647;
			files = (
			);
			runOnlyForDeploymentPostprocessing = 0;
		};
		4AFBA5992F72203C008D97C1 /* Resources */ = {
			isa = PBXResourcesBuildPhase;
			buildActionMask = 2147483647;
			files = (
			);
			runOnlyForDeploymentPostprocessing = 0;
		};
/* End PBXResourcesBuildPhase section */

/* Begin PBXSourcesBuildPhase section */
		4AFBA57E2F72203A008D97C1 /* Sources */ = {
			isa = PBXSourcesBuildPhase;
			buildActionMask = 2147483647;
			files = (
				4A9D866A2F768B4D00157EC1 /* PanelAdaptiveActionRowView.swift in Sources */,
				4AB61EBE2F739F12001AC4CB /* PoolDashboardTheme.swift in Sources */,
				4AB61EB82F739E92001AC4CB /* DashboardHeaderSectionView.swift in Sources */,
				4A3753472F744294008F6AF6 /* PoolDashboardFormState.swift in Sources */,
				4AB61F132F73FE99001AC4CB /* PoolDashboardLifecycleCoordinator.swift in Sources */,
				4A5ECC982F744F5500194C45 /* PoolDashboardLifecycleFlowCoordinator.swift in Sources */,
				4AB61EEB2F73ED9E001AC4CB /* StrategySettingsPanelView.swift in Sources */,
				4A6D1B842F7628D200C06009 /* PanelSectionHeaderView.swift in Sources */,
				4AB61F012F73FB2D001AC4CB /* PoolDashboardBackupCoordinator.swift in Sources */,
				4AB61E942F738FCF001AC4CB /* AccountPoolSnapshotCodec.swift in Sources */,
				4AB61EE12F73E9FF001AC4CB /* AccountUsagePanelView.swift in Sources */,
				4AB61E952F738FCF001AC4CB /* AccountPoolStore.swift in Sources */,
				4AB61E962F738FCF001AC4CB /* AccountTokenVault.swift in Sources */,
				4A5ECCA42F74C4AA00194C45 /* PoolDashboardQuickActionsFlowCoordinator.swift in Sources */,
				4AB61EF52F73F160001AC4CB /* CodexAuthFilePanelService.swift in Sources */,
				4A5ECC922F744B9000194C45 /* PoolDashboardLocalImportFlowCoordinator.swift in Sources */,
				4AB61EC02F73A0BB001AC4CB /* DebugToolsPanelView.swift in Sources */,
				4AB61E972F738FCF001AC4CB /* AgentPool.swift in Sources */,
				4AB61EFF2F73F920001AC4CB /* PoolDashboardRuntimeCoordinator.swift in Sources */,
				4AB61EFD2F73F852001AC4CB /* PoolDashboardStrategyBindingAdapter.swift in Sources */,
				4A3753492F74433F008F6AF6 /* PoolDashboardAlertPresenter.swift in Sources */,
				4AB61EC22F73A0BB001AC4CB /* BackupRestorePanelView.swift in Sources */,
				4A5ECC9A2F74B36A00194C45 /* PoolDashboardActionFlowCoordinator.swift in Sources */,
				4AB61EED2F73ED9E001AC4CB /* OverallUsagePanelView.swift in Sources */,
				4AB61EDD2F73E598001AC4CB /* PoolDashboardDataFlowCoordinator.swift in Sources */,
				4AB61EBC2F739E92001AC4CB /* GlassPanel.swift in Sources */,
				4AB61EF32F73F0C8001AC4CB /* PoolDashboardSwitchLaunchCoordinator.swift in Sources */,
				4A5ECC962F744C5C00194C45 /* PoolDashboardLocalAccountsFlowCoordinator.swift in Sources */,
				4A5ECCA22F74BCFB00194C45 /* PoolDashboardAccountFormFlowCoordinator.swift in Sources */,
				4AB61E992F738FCF001AC4CB /* CodexAuthFileSwitcher.swift in Sources */,
				4AB61EB52F739DB7001AC4CB /* OAuthAccountUpsertResolver.swift in Sources */,
				4AB61EE72F73ECBA001AC4CB /* OAuthLoginPanelView.swift in Sources */,
				4A3753452F743C30008F6AF6 /* PoolDashboardViewState.swift in Sources */,
				4AB61E9A2F738FCF001AC4CB /* CodexUsageSyncService.swift in Sources */,
				4AB61F152F741395001AC4CB /* PoolDashboardMutationCoordinator.swift in Sources */,
				4AB61EEF2F73EE17001AC4CB /* PoolAccountUsagePresenter.swift in Sources */,
				4A3753432F74344B008F6AF6 /* PoolDashboardActionCoordinator.swift in Sources */,
				4A5ECC9E2F74B6C300194C45 /* PoolDashboardAsyncStateCoordinator.swift in Sources */,
				4AB61ED72F73A98B001AC4CB /* PoolAccountUpsertCoordinator.swift in Sources */,
				4AB61E9B2F738FCF001AC4CB /* PoolDashboardView.swift in Sources */,
				4AB61EDF2F73E7CA001AC4CB /* CodexAuthFileAccessService.swift in Sources */,
				4AB61EBA2F739E92001AC4CB /* SyncToolbarView.swift in Sources */,
				4A5ECC9C2F74B55700194C45 /* PoolDashboardViewMutationCoordinator.swift in Sources */,
				4AB61E9D2F738FCF001AC4CB /* LocalCodexAccountDiscovery.swift in Sources */,
				4AB61EE32F73EAF7001AC4CB /* ActiveAccountPanelView.swift in Sources */,
				4AB61EB12F739CED001AC4CB /* ContentView.swift in Sources */,
				4AB61EE52F73EB04001AC4CB /* ActivityLogPanelView.swift in Sources */,
				4A5ECC942F744B9100194C45 /* PoolDashboardSwitchLaunchFlowCoordinator.swift in Sources */,
				4A5ECC8A2F74485000194C45 /* PoolDashboardBackupFlowCoordinator.swift in Sources */,
				4AB61ED92F73E2DE001AC4CB /* CodexAuthSwitchService.swift in Sources */,
				4AB61EF72F73F51E001AC4CB /* PoolDashboardLocalAccountsCoordinator.swift in Sources */,
				4A9D86682F768B3500157EC1 /* PanelCodeEditorView.swift in Sources */,
				4AB61E9E2F738FCF001AC4CB /* LocalOAuthImportViewModel.swift in Sources */,
				4AB61EF92F73F624001AC4CB /* PoolDashboardLocalImportCoordinator.swift in Sources */,
				4AB61EDB2F73E46A001AC4CB /* PoolDashboardAuthFlowCoordinator.swift in Sources */,
				4AB61E9F2F738FCF001AC4CB /* OAuthSupport.swift in Sources */,
				4AB61EFB2F73F7C8001AC4CB /* PoolDashboardAccountBindingAdapter.swift in Sources */,
				4A5ECC902F744A0500194C45 /* PoolDashboardOAuthSignInFlowCoordinator.swift in Sources */,
				4AB61EE92F73ECCC001AC4CB /* LocalOAuthAccountsPanelView.swift in Sources */,
				4A5ECC8E2F744A0500194C45 /* PoolDashboardUsageSyncFlowCoordinator.swift in Sources */,
			);
			runOnlyForDeploymentPostprocessing = 0;
		};
		4AFBA58D2F72203C008D97C1 /* Sources */ = {
			isa = PBXSourcesBuildPhase;
			buildActionMask = 2147483647;
			files = (
			);
			runOnlyForDeploymentPostprocessing = 0;
		};
		4AFBA5972F72203C008D97C1 /* Sources */ = {
			isa = PBXSourcesBuildPhase;
			buildActionMask = 2147483647;
			files = (
			);
			runOnlyForDeploymentPostprocessing = 0;
		};
/* End PBXSourcesBuildPhase section */

/* Begin PBXTargetDependency section */
		4AFBA5932F72203C008D97C1 /* PBXTargetDependency */ = {
			isa = PBXTargetDependency;
			target = 4AFBA5812F72203A008D97C1 /* CodexPoolManager */;
			targetProxy = 4AFBA5922F72203C008D97C1 /* PBXContainerItemProxy */;
		};
		4AFBA59D2F72203C008D97C1 /* PBXTargetDependency */ = {
			isa = PBXTargetDependency;
			target = 4AFBA5812F72203A008D97C1 /* CodexPoolManager */;
			targetProxy = 4AFBA59C2F72203C008D97C1 /* PBXContainerItemProxy */;
		};
/* End PBXTargetDependency section */

/* Begin XCBuildConfiguration section */
		4AFBA5A32F72203C008D97C1 /* Debug */ = {
			isa = XCBuildConfiguration;
			buildSettings = {
				ALWAYS_SEARCH_USER_PATHS = NO;
				ASSETCATALOG_COMPILER_GENERATE_SWIFT_ASSET_SYMBOL_EXTENSIONS = YES;
				CLANG_ANALYZER_NONNULL = YES;
				CLANG_ANALYZER_NUMBER_OBJECT_CONVERSION = YES_AGGRESSIVE;
				CLANG_CXX_LANGUAGE_STANDARD = "gnu++20";
				CLANG_ENABLE_MODULES = YES;
				CLANG_ENABLE_OBJC_ARC = YES;
				CLANG_ENABLE_OBJC_WEAK = YES;
				CLANG_WARN_BLOCK_CAPTURE_AUTORELEASING = YES;
				CLANG_WARN_BOOL_CONVERSION = YES;
				CLANG_WARN_COMMA = YES;
				CLANG_WARN_CONSTANT_CONVERSION = YES;
				CLANG_WARN_DEPRECATED_OBJC_IMPLEMENTATIONS = YES;
				CLANG_WARN_DIRECT_OBJC_ISA_USAGE = YES_ERROR;
				CLANG_WARN_DOCUMENTATION_COMMENTS = YES;
				CLANG_WARN_EMPTY_BODY = YES;
				CLANG_WARN_ENUM_CONVERSION = YES;
				CLANG_WARN_INFINITE_RECURSION = YES;
				CLANG_WARN_INT_CONVERSION = YES;
				CLANG_WARN_NON_LITERAL_NULL_CONVERSION = YES;
				CLANG_WARN_OBJC_IMPLICIT_RETAIN_SELF = YES;
				CLANG_WARN_OBJC_LITERAL_CONVERSION = YES;
				CLANG_WARN_OBJC_ROOT_CLASS = YES_ERROR;
				CLANG_WARN_QUOTED_INCLUDE_IN_FRAMEWORK_HEADER = YES;
				CLANG_WARN_RANGE_LOOP_ANALYSIS = YES;
				CLANG_WARN_STRICT_PROTOTYPES = YES;
				CLANG_WARN_SUSPICIOUS_MOVE = YES;
				CLANG_WARN_UNGUARDED_AVAILABILITY = YES_AGGRESSIVE;
				CLANG_WARN_UNREACHABLE_CODE = YES;
				CLANG_WARN__DUPLICATE_METHOD_MATCH = YES;
				COPY_PHASE_STRIP = NO;
				DEBUG_INFORMATION_FORMAT = dwarf;
				ENABLE_STRICT_OBJC_MSGSEND = YES;
				ENABLE_TESTABILITY = YES;
				ENABLE_USER_SCRIPT_SANDBOXING = YES;
				GCC_C_LANGUAGE_STANDARD = gnu17;
				GCC_DYNAMIC_NO_PIC = NO;
				GCC_NO_COMMON_BLOCKS = YES;
				GCC_OPTIMIZATION_LEVEL = 0;
				GCC_PREPROCESSOR_DEFINITIONS = (
					"DEBUG=1",
					"$(inherited)",
				);
				GCC_WARN_64_TO_32_BIT_CONVERSION = YES;
				GCC_WARN_ABOUT_RETURN_TYPE = YES_ERROR;
				GCC_WARN_UNDECLARED_SELECTOR = YES;
				GCC_WARN_UNINITIALIZED_AUTOS = YES_AGGRESSIVE;
				GCC_WARN_UNUSED_FUNCTION = YES;
				GCC_WARN_UNUSED_VARIABLE = YES;
				LOCALIZATION_PREFERS_STRING_CATALOGS = YES;
				MACOSX_DEPLOYMENT_TARGET = 26.1;
				MTL_ENABLE_DEBUG_INFO = INCLUDE_SOURCE;
				MTL_FAST_MATH = YES;
				ONLY_ACTIVE_ARCH = YES;
				SDKROOT = macosx;
				SWIFT_ACTIVE_COMPILATION_CONDITIONS = "DEBUG $(inherited)";
				SWIFT_OPTIMIZATION_LEVEL = "-Onone";
			};
			name = Debug;
		};
		4AFBA5A42F72203C008D97C1 /* Release */ = {
			isa = XCBuildConfiguration;
			buildSettings = {
				ALWAYS_SEARCH_USER_PATHS = NO;
				ASSETCATALOG_COMPILER_GENERATE_SWIFT_ASSET_SYMBOL_EXTENSIONS = YES;
				CLANG_ANALYZER_NONNULL = YES;
				CLANG_ANALYZER_NUMBER_OBJECT_CONVERSION = YES_AGGRESSIVE;
				CLANG_CXX_LANGUAGE_STANDARD = "gnu++20";
				CLANG_ENABLE_MODULES = YES;
				CLANG_ENABLE_OBJC_ARC = YES;
				CLANG_ENABLE_OBJC_WEAK = YES;
				CLANG_WARN_BLOCK_CAPTURE_AUTORELEASING = YES;
				CLANG_WARN_BOOL_CONVERSION = YES;
				CLANG_WARN_COMMA = YES;
				CLANG_WARN_CONSTANT_CONVERSION = YES;
				CLANG_WARN_DEPRECATED_OBJC_IMPLEMENTATIONS = YES;
				CLANG_WARN_DIRECT_OBJC_ISA_USAGE = YES_ERROR;
				CLANG_WARN_DOCUMENTATION_COMMENTS = YES;
				CLANG_WARN_EMPTY_BODY = YES;
				CLANG_WARN_ENUM_CONVERSION = YES;
				CLANG_WARN_INFINITE_RECURSION = YES;
				CLANG_WARN_INT_CONVERSION = YES;
				CLANG_WARN_NON_LITERAL_NULL_CONVERSION = YES;
				CLANG_WARN_OBJC_IMPLICIT_RETAIN_SELF = YES;
				CLANG_WARN_OBJC_LITERAL_CONVERSION = YES;
				CLANG_WARN_OBJC_ROOT_CLASS = YES_ERROR;
				CLANG_WARN_QUOTED_INCLUDE_IN_FRAMEWORK_HEADER = YES;
				CLANG_WARN_RANGE_LOOP_ANALYSIS = YES;
				CLANG_WARN_STRICT_PROTOTYPES = YES;
				CLANG_WARN_SUSPICIOUS_MOVE = YES;
				CLANG_WARN_UNGUARDED_AVAILABILITY = YES_AGGRESSIVE;
				CLANG_WARN_UNREACHABLE_CODE = YES;
				CLANG_WARN__DUPLICATE_METHOD_MATCH = YES;
				COPY_PHASE_STRIP = NO;
				DEBUG_INFORMATION_FORMAT = "dwarf-with-dsym";
				ENABLE_NS_ASSERTIONS = NO;
				ENABLE_STRICT_OBJC_MSGSEND = YES;
				ENABLE_USER_SCRIPT_SANDBOXING = YES;
				GCC_C_LANGUAGE_STANDARD = gnu17;
				GCC_NO_COMMON_BLOCKS = YES;
				GCC_WARN_64_TO_32_BIT_CONVERSION = YES;
				GCC_WARN_ABOUT_RETURN_TYPE = YES_ERROR;
				GCC_WARN_UNDECLARED_SELECTOR = YES;
				GCC_WARN_UNINITIALIZED_AUTOS = YES_AGGRESSIVE;
				GCC_WARN_UNUSED_FUNCTION = YES;
				GCC_WARN_UNUSED_VARIABLE = YES;
				LOCALIZATION_PREFERS_STRING_CATALOGS = YES;
				MACOSX_DEPLOYMENT_TARGET = 26.1;
				MTL_ENABLE_DEBUG_INFO = NO;
				MTL_FAST_MATH = YES;
				SDKROOT = macosx;
				SWIFT_COMPILATION_MODE = wholemodule;
			};
			name = Release;
		};
		4AFBA5A62F72203C008D97C1 /* Debug */ = {
			isa = XCBuildConfiguration;
			buildSettings = {
				ASSETCATALOG_COMPILER_APPICON_NAME = AppIcon;
				ASSETCATALOG_COMPILER_GLOBAL_ACCENT_COLOR_NAME = AccentColor;
				CODE_SIGN_STYLE = Automatic;
				COMBINE_HIDPI_IMAGES = YES;
				CURRENT_PROJECT_VERSION = 1;
				ENABLE_APP_SANDBOX = NO;
				ENABLE_INCOMING_NETWORK_CONNECTIONS = YES;
				ENABLE_OUTGOING_NETWORK_CONNECTIONS = YES;
				ENABLE_PREVIEWS = YES;
				ENABLE_TESTING_SEARCH_PATHS = NO;
				ENABLE_USER_SELECTED_FILES = readwrite;
				GENERATE_INFOPLIST_FILE = YES;
				INFOPLIST_KEY_CFBundleDisplayName = "Codex Pool Manager";
				INFOPLIST_KEY_CFBundleName = "Codex Pool Manager";
				INFOPLIST_KEY_CFBundleURLTypes = "{\n    CFBundleTypeRole = Editor;\n    CFBundleURLName = \"com.irons.CodexPoolManager.oauth\";\n    CFBundleURLSchemes =     (\n        codexpoolmanager\n    );\n}";
				INFOPLIST_KEY_NSHumanReadableCopyright = "";
				LD_RUNPATH_SEARCH_PATHS = (
					"$(inherited)",
					"@executable_path/../Frameworks",
				);
				MARKETING_VERSION = 1.0;
				PRODUCT_BUNDLE_IDENTIFIER = com.irons.CodexPoolManager;
				PRODUCT_NAME = CodexPoolManager;
				REGISTER_APP_GROUPS = YES;
				STRING_CATALOG_GENERATE_SYMBOLS = YES;
				SWIFT_APPROACHABLE_CONCURRENCY = YES;
				SWIFT_DEFAULT_ACTOR_ISOLATION = MainActor;
				SWIFT_EMIT_LOC_STRINGS = YES;
				SWIFT_UPCOMING_FEATURE_MEMBER_IMPORT_VISIBILITY = YES;
				SWIFT_VERSION = 5.0;
			};
			name = Debug;
		};
		4AFBA5A72F72203C008D97C1 /* Release */ = {
			isa = XCBuildConfiguration;
			buildSettings = {
				ASSETCATALOG_COMPILER_APPICON_NAME = AppIcon;
				ASSETCATALOG_COMPILER_GLOBAL_ACCENT_COLOR_NAME = AccentColor;
				CODE_SIGN_STYLE = Automatic;
				COMBINE_HIDPI_IMAGES = YES;
				CURRENT_PROJECT_VERSION = 1;
				ENABLE_APP_SANDBOX = NO;
				ENABLE_INCOMING_NETWORK_CONNECTIONS = YES;
				ENABLE_OUTGOING_NETWORK_CONNECTIONS = YES;
				ENABLE_PREVIEWS = YES;
				ENABLE_TESTING_SEARCH_PATHS = NO;
				ENABLE_USER_SELECTED_FILES = readwrite;
				GENERATE_INFOPLIST_FILE = YES;
				INFOPLIST_KEY_CFBundleDisplayName = "Codex Pool Manager";
				INFOPLIST_KEY_CFBundleName = "Codex Pool Manager";
				INFOPLIST_KEY_CFBundleURLTypes = "{\n    CFBundleTypeRole = Editor;\n    CFBundleURLName = \"com.irons.CodexPoolManager.oauth\";\n    CFBundleURLSchemes =     (\n        codexpoolmanager\n    );\n}";
				INFOPLIST_KEY_NSHumanReadableCopyright = "";
				LD_RUNPATH_SEARCH_PATHS = (
					"$(inherited)",
					"@executable_path/../Frameworks",
				);
				MARKETING_VERSION = 1.0;
				PRODUCT_BUNDLE_IDENTIFIER = com.irons.CodexPoolManager;
				PRODUCT_NAME = CodexPoolManager;
				REGISTER_APP_GROUPS = YES;
				STRING_CATALOG_GENERATE_SYMBOLS = YES;
				SWIFT_APPROACHABLE_CONCURRENCY = YES;
				SWIFT_DEFAULT_ACTOR_ISOLATION = MainActor;
				SWIFT_EMIT_LOC_STRINGS = YES;
				SWIFT_UPCOMING_FEATURE_MEMBER_IMPORT_VISIBILITY = YES;
				SWIFT_VERSION = 5.0;
			};
			name = Release;
		};
		4AFBA5A92F72203C008D97C1 /* Debug */ = {
			isa = XCBuildConfiguration;
			buildSettings = {
				BUNDLE_LOADER = "$(TEST_HOST)";
				CODE_SIGN_STYLE = Automatic;
				CURRENT_PROJECT_VERSION = 1;
				GENERATE_INFOPLIST_FILE = YES;
				MACOSX_DEPLOYMENT_TARGET = 26.1;
				MARKETING_VERSION = 1.0;
				PRODUCT_BUNDLE_IDENTIFIER = com.irons.CodexPoolManagerTests;
				PRODUCT_NAME = CodexPoolManagerTests;
				STRING_CATALOG_GENERATE_SYMBOLS = NO;
				SWIFT_APPROACHABLE_CONCURRENCY = YES;
				SWIFT_EMIT_LOC_STRINGS = NO;
				SWIFT_UPCOMING_FEATURE_MEMBER_IMPORT_VISIBILITY = YES;
				SWIFT_VERSION = 5.0;
				TEST_HOST = "$(BUILT_PRODUCTS_DIR)/CodexPoolManager.app/$(BUNDLE_EXECUTABLE_FOLDER_PATH)/CodexPoolManager";
			};
			name = Debug;
		};
		4AFBA5AA2F72203C008D97C1 /* Release */ = {
			isa = XCBuildConfiguration;
			buildSettings = {
				BUNDLE_LOADER = "$(TEST_HOST)";
				CODE_SIGN_STYLE = Automatic;
				CURRENT_PROJECT_VERSION = 1;
				GENERATE_INFOPLIST_FILE = YES;
				MACOSX_DEPLOYMENT_TARGET = 26.1;
				MARKETING_VERSION = 1.0;
				PRODUCT_BUNDLE_IDENTIFIER = com.irons.CodexPoolManagerTests;
				PRODUCT_NAME = CodexPoolManagerTests;
				STRING_CATALOG_GENERATE_SYMBOLS = NO;
				SWIFT_APPROACHABLE_CONCURRENCY = YES;
				SWIFT_EMIT_LOC_STRINGS = NO;
				SWIFT_UPCOMING_FEATURE_MEMBER_IMPORT_VISIBILITY = YES;
				SWIFT_VERSION = 5.0;
				TEST_HOST = "$(BUILT_PRODUCTS_DIR)/CodexPoolManager.app/$(BUNDLE_EXECUTABLE_FOLDER_PATH)/CodexPoolManager";
			};
			name = Release;
		};
		4AFBA5AC2F72203C008D97C1 /* Debug */ = {
			isa = XCBuildConfiguration;
			buildSettings = {
				CODE_SIGN_STYLE = Automatic;
				CURRENT_PROJECT_VERSION = 1;
				GENERATE_INFOPLIST_FILE = YES;
				MARKETING_VERSION = 1.0;
				PRODUCT_BUNDLE_IDENTIFIER = com.irons.CodexPoolManagerUITests;
				PRODUCT_NAME = CodexPoolManagerUITests;
				STRING_CATALOG_GENERATE_SYMBOLS = NO;
				SWIFT_APPROACHABLE_CONCURRENCY = YES;
				SWIFT_EMIT_LOC_STRINGS = NO;
				SWIFT_UPCOMING_FEATURE_MEMBER_IMPORT_VISIBILITY = YES;
				SWIFT_VERSION = 5.0;
				TEST_TARGET_NAME = CodexPoolManager;
			};
			name = Debug;
		};
		4AFBA5AD2F72203C008D97C1 /* Release */ = {
			isa = XCBuildConfiguration;
			buildSettings = {
				CODE_SIGN_STYLE = Automatic;
				CURRENT_PROJECT_VERSION = 1;
				GENERATE_INFOPLIST_FILE = YES;
				MARKETING_VERSION = 1.0;
				PRODUCT_BUNDLE_IDENTIFIER = com.irons.CodexPoolManagerUITests;
				PRODUCT_NAME = CodexPoolManagerUITests;
				STRING_CATALOG_GENERATE_SYMBOLS = NO;
				SWIFT_APPROACHABLE_CONCURRENCY = YES;
				SWIFT_EMIT_LOC_STRINGS = NO;
				SWIFT_UPCOMING_FEATURE_MEMBER_IMPORT_VISIBILITY = YES;
				SWIFT_VERSION = 5.0;
				TEST_TARGET_NAME = CodexPoolManager;
			};
			name = Release;
		};
/* End XCBuildConfiguration section */

/* Begin XCConfigurationList section */
		4AFBA57D2F72203A008D97C1 /* Build configuration list for PBXProject "CodexPoolManager" */ = {
			isa = XCConfigurationList;
			buildConfigurations = (
				4AFBA5A32F72203C008D97C1 /* Debug */,
				4AFBA5A42F72203C008D97C1 /* Release */,
			);
			defaultConfigurationIsVisible = 0;
			defaultConfigurationName = Release;
		};
		4AFBA5A52F72203C008D97C1 /* Build configuration list for PBXNativeTarget "CodexPoolManager" */ = {
			isa = XCConfigurationList;
			buildConfigurations = (
				4AFBA5A62F72203C008D97C1 /* Debug */,
				4AFBA5A72F72203C008D97C1 /* Release */,
			);
			defaultConfigurationIsVisible = 0;
			defaultConfigurationName = Release;
		};
		4AFBA5A82F72203C008D97C1 /* Build configuration list for PBXNativeTarget "CodexPoolManagerTests" */ = {
			isa = XCConfigurationList;
			buildConfigurations = (
				4AFBA5A92F72203C008D97C1 /* Debug */,
				4AFBA5AA2F72203C008D97C1 /* Release */,
			);
			defaultConfigurationIsVisible = 0;
			defaultConfigurationName = Release;
		};
		4AFBA5AB2F72203C008D97C1 /* Build configuration list for PBXNativeTarget "CodexPoolManagerUITests" */ = {
			isa = XCConfigurationList;
			buildConfigurations = (
				4AFBA5AC2F72203C008D97C1 /* Debug */,
				4AFBA5AD2F72203C008D97C1 /* Release */,
			);
			defaultConfigurationIsVisible = 0;
			defaultConfigurationName = Release;
		};
/* End XCConfigurationList section */
	};
	rootObject = 4AFBA57A2F72203A008D97C1 /* Project object */;
}
