{
  "originHash" : "4113b8fa0def1bd163719a667c3cb70d7f02ef34b06ff5c7fc7f184896acab7e",
  "pins" : [
    {
      "identity" : "sparkle",
      "kind" : "remoteSourceControl",
      "location" : "https://github.com/sparkle-project/Sparkle",
      "state" : {
        "revision" : "066e75a8b3e99962685d6a90cdd5293ebffd9261",
        "version" : "2.9.1"
      }
    },
    {
      "identity" : "swift-custom-dump",
      "kind" : "remoteSourceControl",
      "location" : "https://github.com/pointfreeco/swift-custom-dump",
      "state" : {
        "revision" : "4fb9e7cbb4b8f5a7354005db39447f570d6b3e19",
        "version" : "1.7.3"
      }
    },
    {
      "identity" : "swift-issue-reporting",
      "kind" : "remoteSourceControl",
      "location" : "https://github.com/pointfreeco/swift-issue-reporting",
      "state" : {
        "revision" : "75b000cea2ca6d7527a57e1b9cc0bdf21a9abe9f",
        "version" : "2.1.1"
      }
    }
  ],
  "version" : 3
}
